PODS:
  - QBImagePickerController (3.4.0)

DEPENDENCIES:
  - QBImagePickerController

SPEC REPOS:
  https://github.com/cocoapods/specs.git:
    - QBImagePickerController

SPEC CHECKSUMS:
  QBImagePickerController: d54cf93db6decf26baf6ed3472f336ef35cae022

PODFILE CHECKSUM: afe82f96b66c635efa18efa3d2b7ac80b10aaee4

COCOAPODS: 1.5.3
